
Microsoft Visual Studio Solution File, Format Version 12.00
# Visual Studio Version 16
VisualStudioVersion = 16.0.35130.168
MinimumVisualStudioVersion = 10.0.40219.1
Project("{FAE04EC0-301F-11D3-BF4B-00C04F79EFBC}") = "WebsiteBanHangOnline", "WebsiteBanHangOnline\WebsiteBanHangOnline.csproj", "{814075CF-0BC3-427E-A6EE-17DBDCA111E6}"
EndProject
Global
	GlobalSection(SolutionConfigurationPlatforms) = preSolution
		Debug|Any CPU = Debug|Any CPU
		Release|Any CPU = Release|Any CPU
	EndGlobalSection
	GlobalSection(ProjectConfigurationPlatforms) = postSolution
		{814075CF-0BC3-427E-A6EE-17DBDCA111E6}.Debug|Any CPU.ActiveCfg = Debug|Any CPU
		{814075CF-0BC3-427E-A6EE-17DBDCA111E6}.Debug|Any CPU.Build.0 = Debug|Any CPU
		{814075CF-0BC3-427E-A6EE-17DBDCA111E6}.Release|Any CPU.ActiveCfg = Release|Any CPU
		{814075CF-0BC3-427E-A6EE-17DBDCA111E6}.Release|Any CPU.Build.0 = Release|Any CPU
	EndGlobalSection
	GlobalSection(SolutionProperties) = preSolution
		HideSolutionNode = FALSE
	EndGlobalSection
	GlobalSection(ExtensibilityGlobals) = postSolution
		SolutionGuid = {68ABAC3B-1C52-4535-845D-F8FBFAC6A138}
	EndGlobalSection
EndGlobal
